// !$*UTF8*$!
{
	archiveVersion = 1;
	classes = {
	};
	objectVersion = 77;
	objects = {

/* Begin PBXBuildFile section */
		E04B9ACB2FED837E007A30DA /* SolanaSwift in Frameworks */ = {isa = PBXBuildFile; productRef = E04B9ACA2FED837E007A30DA /* SolanaSwift */; };
/* End PBXBuildFile section */

/* Begin PBXContainerItemProxy section */
		E04B9A8F2FED6D7C007A30DA /* PBXContainerItemProxy */ = {
			isa = PBXContainerItemProxy;
			containerPortal = E04B9A772FED6D7A007A30DA /* Project object */;
			proxyType = 1;
			remoteGlobalIDString = E04B9A7E2FED6D7A007A30DA;
			remoteInfo = privamesh;
		};
		E04B9A992FED6D7C007A30DA /* PBXContainerItemProxy */ = {
			isa = PBXContainerItemProxy;
			containerPortal = E04B9A772FED6D7A007A30DA /* Project object */;
			proxyType = 1;
			remoteGlobalIDString = E04B9A7E2FED6D7A007A30DA;
			remoteInfo = privamesh;
		};
/* End PBXContainerItemProxy section */

/* Begin PBXFileReference section */
		E04B9A7F2FED6D7B007A30DA /* privamesh.app */ = {isa = PBXFileReference; explicitFileType = wrapper.application; includeInIndex = 0; path = privamesh.app; sourceTree = BUILT_PRODUCTS_DIR; };
		E04B9A8E2FED6D7C007A30DA /* privameshTests.xctest */ = {isa = PBXFileReference; explicitFileType = wrapper.cfbundle; includeInIndex = 0; path = privameshTests.xctest; sourceTree = BUILT_PRODUCTS_DIR; };
		E04B9A982FED6D7C007A30DA /* privameshUITests.xctest */ = {isa = PBXFileReference; explicitFileType = wrapper.cfbundle; includeInIndex = 0; path = privameshUITests.xctest; sourceTree = BUILT_PRODUCTS_DIR; };
/* End PBXFileReference section */

/* Begin PBXFileSystemSynchronizedBuildFileExceptionSet section */
		E04B9AD62FED866F007A30DA /* Exceptions for "privamesh" folder in "privamesh" target */ = {
			isa = PBXFileSystemSynchronizedBuildFileExceptionSet;
			membershipExceptions = (
				Info.plist,
			);
			target = E04B9A7E2FED6D7A007A30DA /* privamesh */;
		};
/* End PBXFileSystemSynchronizedBuildFileExceptionSet section */

/* Begin PBXFileSystemSynchronizedRootGroup section */
		E04B9A812FED6D7B007A30DA /* privamesh */ = {
			isa = PBXFileSystemSynchronizedRootGroup;
			exceptions = (
				E04B9AD62FED866F007A30DA /* Exceptions for "privamesh" folder in "privamesh" target */,
			);
			path = privamesh;
			sourceTree = "<group>";
		};
		E04B9A912FED6D7C007A30DA /* privameshTests */ = {
			isa = PBXFileSystemSynchronizedRootGroup;
			path = privameshTests;
			sourceTree = "<group>";
		};
		E04B9A9B2FED6D7C007A30DA /* privameshUITests */ = {
			isa = PBXFileSystemSynchronizedRootGroup;
			path = privameshUITests;
			sourceTree = "<group>";
		};
/* End PBXFileSystemSynchronizedRootGroup section */

/* Begin PBXFrameworksBuildPhase section */
		E04B9A7C2FED6D7A007A30DA /* Frameworks */ = {
			isa = PBXFrameworksBuildPhase;
			buildActionMask = 2147483647;
			files = (
				E04B9ACB2FED837E007A30DA /* SolanaSwift in Frameworks */,
			);
			runOnlyForDeploymentPostprocessing = 0;
		};
		E04B9A8B2FED6D7C007A30DA /* Frameworks */ = {
			isa = PBXFrameworksBuildPhase;
			buildActionMask = 2147483647;
			files = (
			);
			runOnlyForDeploymentPostprocessing = 0;
		};
		E04B9A952FED6D7C007A30DA /* Frameworks */ = {
			isa = PBXFrameworksBuildPhase;
			buildActionMask = 2147483647;
			files = (
			);
			runOnlyForDeploymentPostprocessing = 0;
		};
/* End PBXFrameworksBuildPhase section */

/* Begin PBXGroup section */
		E04B9A762FED6D7A007A30DA = {
			isa = PBXGroup;
			children = (
				E04B9A812FED6D7B007A30DA /* privamesh */,
				E04B9A912FED6D7C007A30DA /* privameshTests */,
				E04B9A9B2FED6D7C007A30DA /* privameshUITests */,
				E04B9AC92FED837E007A30DA /* Frameworks */,
				E04B9A802FED6D7B007A30DA /* Products */,
			);
			sourceTree = "<group>";
		};
		E04B9A802FED6D7B007A30DA /* Products */ = {
			isa = PBXGroup;
			children = (
				E04B9A7F2FED6D7B007A30DA /* privamesh.app */,
				E04B9A8E2FED6D7C007A30DA /* privameshTests.xctest */,
				E04B9A982FED6D7C007A30DA /* privameshUITests.xctest */,
			);
			name = Products;
			sourceTree = "<group>";
		};
		E04B9AC92FED837E007A30DA /* Frameworks */ = {
			isa = PBXGroup;
			children = (
			);
			name = Frameworks;
			sourceTree = "<group>";
		};
/* End PBXGroup section */

/* Begin PBXNativeTarget section */
		E04B9A7E2FED6D7A007A30DA /* privamesh */ = {
			isa = PBXNativeTarget;
			buildConfigurationList = E04B9AA22FED6D7C007A30DA /* Build configuration list for PBXNativeTarget "privamesh" */;
			buildPhases = (
				E04B9A7B2FED6D7A007A30DA /* Sources */,
				E04B9A7C2FED6D7A007A30DA /* Frameworks */,
				E04B9A7D2FED6D7A007A30DA /* Resources */,
			);
			buildRules = (
			);
			dependencies = (
			);
			fileSystemSynchronizedGroups = (
				E04B9A812FED6D7B007A30DA /* privamesh */,
			);
			name = privamesh;
			packageProductDependencies = (
				E04B9ACA2FED837E007A30DA /* SolanaSwift */,
			);
			productName = privamesh;
			productReference = E04B9A7F2FED6D7B007A30DA /* privamesh.app */;
			productType = "com.apple.product-type.application";
		};
		E04B9A8D2FED6D7C007A30DA /* privameshTests */ = {
			isa = PBXNativeTarget;
			buildConfigurationList = E04B9AA52FED6D7C007A30DA /* Build configuration list for PBXNativeTarget "privameshTests" */;
			buildPhases = (
				E04B9A8A2FED6D7C007A30DA /* Sources */,
				E04B9A8B2FED6D7C007A30DA /* Frameworks */,
				E04B9A8C2FED6D7C007A30DA /* Resources */,
			);
			buildRules = (
			);
			dependencies = (
				E04B9A902FED6D7C007A30DA /* PBXTargetDependency */,
			);
			fileSystemSynchronizedGroups = (
				E04B9A912FED6D7C007A30DA /* privameshTests */,
			);
			name = privameshTests;
			packageProductDependencies = (
			);
			productName = privameshTests;
			productReference = E04B9A8E2FED6D7C007A30DA /* privameshTests.xctest */;
			productType = "com.apple.product-type.bundle.unit-test";
		};
		E04B9A972FED6D7C007A30DA /* privameshUITests */ = {
			isa = PBXNativeTarget;
			buildConfigurationList = E04B9AA82FED6D7C007A30DA /* Build configuration list for PBXNativeTarget "privameshUITests" */;
			buildPhases = (
				E04B9A942FED6D7C007A30DA /* Sources */,
				E04B9A952FED6D7C007A30DA /* Frameworks */,
				E04B9A962FED6D7C007A30DA /* Resources */,
			);
			buildRules = (
			);
			dependencies = (
				E04B9A9A2FED6D7C007A30DA /* PBXTargetDependency */,
			);
			fileSystemSynchronizedGroups = (
				E04B9A9B2FED6D7C007A30DA /* privameshUITests */,
			);
			name = privameshUITests;
			packageProductDependencies = (
			);
			productName = privameshUITests;
			productReference = E04B9A982FED6D7C007A30DA /* privameshUITests.xctest */;
			productType = "com.apple.product-type.bundle.ui-testing";
		};
/* End PBXNativeTarget section */

/* Begin PBXProject section */
		E04B9A772FED6D7A007A30DA /* Project object */ = {
			isa = PBXProject;
			attributes = {
				BuildIndependentTargetsInParallel = 1;
				LastSwiftUpdateCheck = 2650;
				LastUpgradeCheck = 2650;
				TargetAttributes = {
					E04B9A7E2FED6D7A007A30DA = {
						CreatedOnToolsVersion = 26.5;
					};
					E04B9A8D2FED6D7C007A30DA = {
						CreatedOnToolsVersion = 26.5;
						TestTargetID = E04B9A7E2FED6D7A007A30DA;
					};
					E04B9A972FED6D7C007A30DA = {
						CreatedOnToolsVersion = 26.5;
						TestTargetID = E04B9A7E2FED6D7A007A30DA;
					};
				};
			};
			buildConfigurationList = E04B9A7A2FED6D7A007A30DA /* Build configuration list for PBXProject "privamesh" */;
			developmentRegion = ru;
			hasScannedForEncodings = 0;
			knownRegions = (
				en,
				Base,
				ru,
			);
			mainGroup = E04B9A762FED6D7A007A30DA;
			minimizedProjectReferenceProxies = 1;
			packageReferences = (
				E04B9AC02FED7CF4007A30DA /* XCRemoteSwiftPackageReference "solana-swift" */,
			);
			preferredProjectObjectVersion = 77;
			productRefGroup = E04B9A802FED6D7B007A30DA /* Products */;
			projectDirPath = "";
			projectRoot = "";
			targets = (
				E04B9A7E2FED6D7A007A30DA /* privamesh */,
				E04B9A8D2FED6D7C007A30DA /* privameshTests */,
				E04B9A972FED6D7C007A30DA /* privameshUITests */,
			);
		};
/* End PBXProject section */

/* Begin PBXResourcesBuildPhase section */
		E04B9A7D2FED6D7A007A30DA /* Resources */ = {
			isa = PBXResourcesBuildPhase;
			buildActionMask = 2147483647;
			files = (
			);
			runOnlyForDeploymentPostprocessing = 0;
		};
		E04B9A8C2FED6D7C007A30DA /* Resources */ = {
			isa = PBXResourcesBuildPhase;
			buildActionMask = 2147483647;
			files = (
			);
			runOnlyForDeploymentPostprocessing = 0;
		};
		E04B9A962FED6D7C007A30DA /* Resources */ = {
			isa = PBXResourcesBuildPhase;
			buildActionMask = 2147483647;
			files = (
			);
			runOnlyForDeploymentPostprocessing = 0;
		};
/* End PBXResourcesBuildPhase section */

/* Begin PBXSourcesBuildPhase section */
		E04B9A7B2FED6D7A007A30DA /* Sources */ = {
			isa = PBXSourcesBuildPhase;
			buildActionMask = 2147483647;
			files = (
			);
			runOnlyForDeploymentPostprocessing = 0;
		};
		E04B9A8A2FED6D7C007A30DA /* Sources */ = {
			isa = PBXSourcesBuildPhase;
			buildActionMask = 2147483647;
			files = (
			);
			runOnlyForDeploymentPostprocessing = 0;
		};
		E04B9A942FED6D7C007A30DA /* Sources */ = {
			isa = PBXSourcesBuildPhase;
			buildActionMask = 2147483647;
			files = (
			);
			runOnlyForDeploymentPostprocessing = 0;
		};
/* End PBXSourcesBuildPhase section */

/* Begin PBXTargetDependency section */
		E04B9A902FED6D7C007A30DA /* PBXTargetDependency */ = {
			isa = PBXTargetDependency;
			target = E04B9A7E2FED6D7A007A30DA /* privamesh */;
			targetProxy = E04B9A8F2FED6D7C007A30DA /* PBXContainerItemProxy */;
		};
		E04B9A9A2FED6D7C007A30DA /* PBXTargetDependency */ = {
			isa = PBXTargetDependency;
			target = E04B9A7E2FED6D7A007A30DA /* privamesh */;
			targetProxy = E04B9A992FED6D7C007A30DA /* PBXContainerItemProxy */;
		};
/* End PBXTargetDependency section */

/* Begin XCBuildConfiguration section */
		E04B9AA02FED6D7C007A30DA /* Debug */ = {
			isa = XCBuildConfiguration;
			buildSettings = {
				ALWAYS_SEARCH_USER_PATHS = NO;
				ASSETCATALOG_COMPILER_GENERATE_SWIFT_ASSET_SYMBOL_EXTENSIONS = YES;
				CLANG_ANALYZER_NONNULL = YES;
				CLANG_ANALYZER_NUMBER_OBJECT_CONVERSION = YES_AGGRESSIVE;
				CLANG_CXX_LANGUAGE_STANDARD = "gnu++20";
				CLANG_ENABLE_MODULES = YES;
				CLANG_ENABLE_OBJC_ARC = YES;
				CLANG_ENABLE_OBJC_WEAK = YES;
				CLANG_WARN_BLOCK_CAPTURE_AUTORELEASING = YES;
				CLANG_WARN_BOOL_CONVERSION = YES;
				CLANG_WARN_COMMA = YES;
				CLANG_WARN_CONSTANT_CONVERSION = YES;
				CLANG_WARN_DEPRECATED_OBJC_IMPLEMENTATIONS = YES;
				CLANG_WARN_DIRECT_OBJC_ISA_USAGE = YES_ERROR;
				CLANG_WARN_DOCUMENTATION_COMMENTS = YES;
				CLANG_WARN_EMPTY_BODY = YES;
				CLANG_WARN_ENUM_CONVERSION = YES;
				CLANG_WARN_INFINITE_RECURSION = YES;
				CLANG_WARN_INT_CONVERSION = YES;
				CLANG_WARN_NON_LITERAL_NULL_CONVERSION = YES;
				CLANG_WARN_OBJC_IMPLICIT_RETAIN_SELF = YES;
				CLANG_WARN_OBJC_LITERAL_CONVERSION = YES;
				CLANG_WARN_OBJC_ROOT_CLASS = YES_ERROR;
				CLANG_WARN_QUOTED_INCLUDE_IN_FRAMEWORK_HEADER = YES;
				CLANG_WARN_RANGE_LOOP_ANALYSIS = YES;
				CLANG_WARN_STRICT_PROTOTYPES = YES;
				CLANG_WARN_SUSPICIOUS_MOVE = YES;
				CLANG_WARN_UNGUARDED_AVAILABILITY = YES_AGGRESSIVE;
				CLANG_WARN_UNREACHABLE_CODE = YES;
				CLANG_WARN__DUPLICATE_METHOD_MATCH = YES;
				COPY_PHASE_STRIP = NO;
				DEBUG_INFORMATION_FORMAT = dwarf;
				ENABLE_STRICT_OBJC_MSGSEND = YES;
				ENABLE_TESTABILITY = YES;
				ENABLE_USER_SCRIPT_SANDBOXING = YES;
				GCC_C_LANGUAGE_STANDARD = gnu17;
				GCC_DYNAMIC_NO_PIC = NO;
				GCC_NO_COMMON_BLOCKS = YES;
				GCC_OPTIMIZATION_LEVEL = 0;
				GCC_PREPROCESSOR_DEFINITIONS = (
					"DEBUG=1",
					"$(inherited)",
				);
				GCC_WARN_64_TO_32_BIT_CONVERSION = YES;
				GCC_WARN_ABOUT_RETURN_TYPE = YES_ERROR;
				GCC_WARN_UNDECLARED_SELECTOR = YES;
				GCC_WARN_UNINITIALIZED_AUTOS = YES_AGGRESSIVE;
				GCC_WARN_UNUSED_FUNCTION = YES;
				GCC_WARN_UNUSED_VARIABLE = YES;
				LOCALIZATION_PREFERS_STRING_CATALOGS = YES;
				MTL_ENABLE_DEBUG_INFO = INCLUDE_SOURCE;
				MTL_FAST_MATH = YES;
				ONLY_ACTIVE_ARCH = YES;
				SWIFT_ACTIVE_COMPILATION_CONDITIONS = "DEBUG $(inherited)";
				SWIFT_OPTIMIZATION_LEVEL = "-Onone";
			};
			name = Debug;
		};
		E04B9AA12FED6D7C007A30DA /* Release */ = {
			isa = XCBuildConfiguration;
			buildSettings = {
				ALWAYS_SEARCH_USER_PATHS = NO;
				ASSETCATALOG_COMPILER_GENERATE_SWIFT_ASSET_SYMBOL_EXTENSIONS = YES;
				CLANG_ANALYZER_NONNULL = YES;
				CLANG_ANALYZER_NUMBER_OBJECT_CONVERSION = YES_AGGRESSIVE;
				CLANG_CXX_LANGUAGE_STANDARD = "gnu++20";
				CLANG_ENABLE_MODULES = YES;
				CLANG_ENABLE_OBJC_ARC = YES;
				CLANG_ENABLE_OBJC_WEAK = YES;
				CLANG_WARN_BLOCK_CAPTURE_AUTORELEASING = YES;
				CLANG_WARN_BOOL_CONVERSION = YES;
				CLANG_WARN_COMMA = YES;
				CLANG_WARN_CONSTANT_CONVERSION = YES;
				CLANG_WARN_DEPRECATED_OBJC_IMPLEMENTATIONS = YES;
				CLANG_WARN_DIRECT_OBJC_ISA_USAGE = YES_ERROR;
				CLANG_WARN_DOCUMENTATION_COMMENTS = YES;
				CLANG_WARN_EMPTY_BODY = YES;
				CLANG_WARN_ENUM_CONVERSION = YES;
				CLANG_WARN_INFINITE_RECURSION = YES;
				CLANG_WARN_INT_CONVERSION = YES;
				CLANG_WARN_NON_LITERAL_NULL_CONVERSION = YES;
				CLANG_WARN_OBJC_IMPLICIT_RETAIN_SELF = YES;
				CLANG_WARN_OBJC_LITERAL_CONVERSION = YES;
				CLANG_WARN_OBJC_ROOT_CLASS = YES_ERROR;
				CLANG_WARN_QUOTED_INCLUDE_IN_FRAMEWORK_HEADER = YES;
				CLANG_WARN_RANGE_LOOP_ANALYSIS = YES;
				CLANG_WARN_STRICT_PROTOTYPES = YES;
				CLANG_WARN_SUSPICIOUS_MOVE = YES;
				CLANG_WARN_UNGUARDED_AVAILABILITY = YES_AGGRESSIVE;
				CLANG_WARN_UNREACHABLE_CODE = YES;
				CLANG_WARN__DUPLICATE_METHOD_MATCH = YES;
				COPY_PHASE_STRIP = NO;
				DEBUG_INFORMATION_FORMAT = "dwarf-with-dsym";
				ENABLE_NS_ASSERTIONS = NO;
				ENABLE_STRICT_OBJC_MSGSEND = YES;
				ENABLE_USER_SCRIPT_SANDBOXING = YES;
				GCC_C_LANGUAGE_STANDARD = gnu17;
				GCC_NO_COMMON_BLOCKS = YES;
				GCC_WARN_64_TO_32_BIT_CONVERSION = YES;
				GCC_WARN_ABOUT_RETURN_TYPE = YES_ERROR;
				GCC_WARN_UNDECLARED_SELECTOR = YES;
				GCC_WARN_UNINITIALIZED_AUTOS = YES_AGGRESSIVE;
				GCC_WARN_UNUSED_FUNCTION = YES;
				GCC_WARN_UNUSED_VARIABLE = YES;
				LOCALIZATION_PREFERS_STRING_CATALOGS = YES;
				MTL_ENABLE_DEBUG_INFO = NO;
				MTL_FAST_MATH = YES;
				SWIFT_COMPILATION_MODE = wholemodule;
			};
			name = Release;
		};
		E04B9AA32FED6D7C007A30DA /* Debug */ = {
			isa = XCBuildConfiguration;
			buildSettings = {
				ASSETCATALOG_COMPILER_APPICON_NAME = AppIcon;
				ASSETCATALOG_COMPILER_GLOBAL_ACCENT_COLOR_NAME = AccentColor;
				CODE_SIGN_STYLE = Automatic;
				CURRENT_PROJECT_VERSION = 4;
				DEVELOPMENT_TEAM = 8B8Y2LNJ6Y;
				ENABLE_APP_SANDBOX = YES;
				ENABLE_PREVIEWS = YES;
				ENABLE_USER_SELECTED_FILES = readonly;
				GENERATE_INFOPLIST_FILE = YES;
				INFOPLIST_FILE = privamesh/Info.plist;
				INFOPLIST_KEY_CFBundleDisplayName = PrivaMesh;
				INFOPLIST_KEY_ITSAppUsesNonExemptEncryption = NO;
				INFOPLIST_KEY_NSCameraUsageDescription = "Used to scan your contact's QR code for secure key exchange.";
				INFOPLIST_KEY_NSFaceIDUsageDescription = "Used to quickly unlock PrivaMesh without entering your passcode.";
				INFOPLIST_KEY_NSPhotoLibraryUsageDescription = "Used to send encrypted photos to your contacts via Arweave.";
				"INFOPLIST_KEY_UIApplicationSceneManifest_Generation[sdk=iphoneos*]" = YES;
				"INFOPLIST_KEY_UIApplicationSceneManifest_Generation[sdk=iphonesimulator*]" = YES;
				"INFOPLIST_KEY_UIApplicationSupportsIndirectInputEvents[sdk=iphoneos*]" = YES;
				"INFOPLIST_KEY_UIApplicationSupportsIndirectInputEvents[sdk=iphonesimulator*]" = YES;
				"INFOPLIST_KEY_UILaunchScreen_Generation[sdk=iphoneos*]" = YES;
				"INFOPLIST_KEY_UILaunchScreen_Generation[sdk=iphonesimulator*]" = YES;
				"INFOPLIST_KEY_UIStatusBarStyle[sdk=iphoneos*]" = UIStatusBarStyleDefault;
				"INFOPLIST_KEY_UIStatusBarStyle[sdk=iphonesimulator*]" = UIStatusBarStyleDefault;
				INFOPLIST_KEY_UISupportedInterfaceOrientations = UIInterfaceOrientationPortrait;
				INFOPLIST_KEY_UISupportedInterfaceOrientations_iPad = "UIInterfaceOrientationLandscapeLeft UIInterfaceOrientationLandscapeRight UIInterfaceOrientationPortrait UIInterfaceOrientationPortraitUpsideDown";
				IPHONEOS_DEPLOYMENT_TARGET = 26.5;
				LD_RUNPATH_SEARCH_PATHS = "@executable_path/Frameworks";
				"LD_RUNPATH_SEARCH_PATHS[sdk=macosx*]" = "@executable_path/../Frameworks";
				MACOSX_DEPLOYMENT_TARGET = 26.4;
				MARKETING_VERSION = 1.0;
				PRODUCT_BUNDLE_IDENTIFIER = com.privamesh;
				PRODUCT_NAME = "$(TARGET_NAME)";
				REGISTER_APP_GROUPS = YES;
				SDKROOT = auto;
				STRING_CATALOG_GENERATE_SYMBOLS = YES;
				SUPPORTED_PLATFORMS = "iphoneos iphonesimulator";
				SUPPORTS_MACCATALYST = NO;
				SWIFT_APPROACHABLE_CONCURRENCY = YES;
				SWIFT_DEFAULT_ACTOR_ISOLATION = MainActor;
				SWIFT_EMIT_LOC_STRINGS = YES;
				SWIFT_UPCOMING_FEATURE_MEMBER_IMPORT_VISIBILITY = YES;
				SWIFT_VERSION = 5.0;
				TARGETED_DEVICE_FAMILY = 1;
				XROS_DEPLOYMENT_TARGET = 26.5;
			};
			name = Debug;
		};
		E04B9AA42FED6D7C007A30DA /* Release */ = {
			isa = XCBuildConfiguration;
			buildSettings = {
				ASSETCATALOG_COMPILER_APPICON_NAME = AppIcon;
				ASSETCATALOG_COMPILER_GLOBAL_ACCENT_COLOR_NAME = AccentColor;
				CODE_SIGN_STYLE = Automatic;
				CURRENT_PROJECT_VERSION = 4;
				DEVELOPMENT_TEAM = 8B8Y2LNJ6Y;
				ENABLE_APP_SANDBOX = YES;
				ENABLE_PREVIEWS = YES;
				ENABLE_USER_SELECTED_FILES = readonly;
				GENERATE_INFOPLIST_FILE = YES;
				INFOPLIST_FILE = privamesh/Info.plist;
				INFOPLIST_KEY_CFBundleDisplayName = PrivaMesh;
				INFOPLIST_KEY_ITSAppUsesNonExemptEncryption = NO;
				INFOPLIST_KEY_NSCameraUsageDescription = "Used to scan your contact's QR code for secure key exchange.";
				INFOPLIST_KEY_NSFaceIDUsageDescription = "Used to quickly unlock PrivaMesh without entering your passcode.";
				INFOPLIST_KEY_NSPhotoLibraryUsageDescription = "Used to send encrypted photos to your contacts via Arweave.";
				"INFOPLIST_KEY_UIApplicationSceneManifest_Generation[sdk=iphoneos*]" = YES;
				"INFOPLIST_KEY_UIApplicationSceneManifest_Generation[sdk=iphonesimulator*]" = YES;
				"INFOPLIST_KEY_UIApplicationSupportsIndirectInputEvents[sdk=iphoneos*]" = YES;
				"INFOPLIST_KEY_UIApplicationSupportsIndirectInputEvents[sdk=iphonesimulator*]" = YES;
				"INFOPLIST_KEY_UILaunchScreen_Generation[sdk=iphoneos*]" = YES;
				"INFOPLIST_KEY_UILaunchScreen_Generation[sdk=iphonesimulator*]" = YES;
				"INFOPLIST_KEY_UIStatusBarStyle[sdk=iphoneos*]" = UIStatusBarStyleDefault;
				"INFOPLIST_KEY_UIStatusBarStyle[sdk=iphonesimulator*]" = UIStatusBarStyleDefault;
				INFOPLIST_KEY_UISupportedInterfaceOrientations = UIInterfaceOrientationPortrait;
				INFOPLIST_KEY_UISupportedInterfaceOrientations_iPad = "UIInterfaceOrientationLandscapeLeft UIInterfaceOrientationLandscapeRight UIInterfaceOrientationPortrait UIInterfaceOrientationPortraitUpsideDown";
				IPHONEOS_DEPLOYMENT_TARGET = 26.5;
				LD_RUNPATH_SEARCH_PATHS = "@executable_path/Frameworks";
				"LD_RUNPATH_SEARCH_PATHS[sdk=macosx*]" = "@executable_path/../Frameworks";
				MACOSX_DEPLOYMENT_TARGET = 26.4;
				MARKETING_VERSION = 1.0;
				PRODUCT_BUNDLE_IDENTIFIER = com.privamesh;
				PRODUCT_NAME = "$(TARGET_NAME)";
				REGISTER_APP_GROUPS = YES;
				SDKROOT = auto;
				STRING_CATALOG_GENERATE_SYMBOLS = YES;
				SUPPORTED_PLATFORMS = "iphoneos iphonesimulator";
				SUPPORTS_MACCATALYST = NO;
				SWIFT_APPROACHABLE_CONCURRENCY = YES;
				SWIFT_DEFAULT_ACTOR_ISOLATION = MainActor;
				SWIFT_EMIT_LOC_STRINGS = YES;
				SWIFT_UPCOMING_FEATURE_MEMBER_IMPORT_VISIBILITY = YES;
				SWIFT_VERSION = 5.0;
				TARGETED_DEVICE_FAMILY = 1;
				XROS_DEPLOYMENT_TARGET = 26.5;
			};
			name = Release;
		};
		E04B9AA62FED6D7C007A30DA /* Debug */ = {
			isa = XCBuildConfiguration;
			buildSettings = {
				BUNDLE_LOADER = "$(TEST_HOST)";
				CODE_SIGN_STYLE = Automatic;
				CURRENT_PROJECT_VERSION = 1;
				GENERATE_INFOPLIST_FILE = YES;
				IPHONEOS_DEPLOYMENT_TARGET = 26.5;
				MACOSX_DEPLOYMENT_TARGET = 26.4;
				MARKETING_VERSION = 1.0;
				PRODUCT_BUNDLE_IDENTIFIER = com.privameshTests;
				PRODUCT_NAME = "$(TARGET_NAME)";
				SDKROOT = auto;
				STRING_CATALOG_GENERATE_SYMBOLS = NO;
				SUPPORTED_PLATFORMS = "iphoneos iphonesimulator";
				SWIFT_APPROACHABLE_CONCURRENCY = YES;
				SWIFT_EMIT_LOC_STRINGS = NO;
				SWIFT_UPCOMING_FEATURE_MEMBER_IMPORT_VISIBILITY = YES;
				SWIFT_VERSION = 5.0;
				TARGETED_DEVICE_FAMILY = 1;
				TEST_HOST = "$(BUILT_PRODUCTS_DIR)/privamesh.app/$(BUNDLE_EXECUTABLE_FOLDER_PATH)/privamesh";
				XROS_DEPLOYMENT_TARGET = 26.5;
			};
			name = Debug;
		};
		E04B9AA72FED6D7C007A30DA /* Release */ = {
			isa = XCBuildConfiguration;
			buildSettings = {
				BUNDLE_LOADER = "$(TEST_HOST)";
				CODE_SIGN_STYLE = Automatic;
				CURRENT_PROJECT_VERSION = 1;
				GENERATE_INFOPLIST_FILE = YES;
				IPHONEOS_DEPLOYMENT_TARGET = 26.5;
				MACOSX_DEPLOYMENT_TARGET = 26.4;
				MARKETING_VERSION = 1.0;
				PRODUCT_BUNDLE_IDENTIFIER = com.privameshTests;
				PRODUCT_NAME = "$(TARGET_NAME)";
				SDKROOT = auto;
				STRING_CATALOG_GENERATE_SYMBOLS = NO;
				SUPPORTED_PLATFORMS = "iphoneos iphonesimulator";
				SWIFT_APPROACHABLE_CONCURRENCY = YES;
				SWIFT_EMIT_LOC_STRINGS = NO;
				SWIFT_UPCOMING_FEATURE_MEMBER_IMPORT_VISIBILITY = YES;
				SWIFT_VERSION = 5.0;
				TARGETED_DEVICE_FAMILY = 1;
				TEST_HOST = "$(BUILT_PRODUCTS_DIR)/privamesh.app/$(BUNDLE_EXECUTABLE_FOLDER_PATH)/privamesh";
				XROS_DEPLOYMENT_TARGET = 26.5;
			};
			name = Release;
		};
		E04B9AA92FED6D7C007A30DA /* Debug */ = {
			isa = XCBuildConfiguration;
			buildSettings = {
				CODE_SIGN_STYLE = Automatic;
				CURRENT_PROJECT_VERSION = 1;
				GENERATE_INFOPLIST_FILE = YES;
				IPHONEOS_DEPLOYMENT_TARGET = 26.5;
				MACOSX_DEPLOYMENT_TARGET = 26.4;
				MARKETING_VERSION = 1.0;
				PRODUCT_BUNDLE_IDENTIFIER = com.privameshUITests;
				PRODUCT_NAME = "$(TARGET_NAME)";
				SDKROOT = auto;
				STRING_CATALOG_GENERATE_SYMBOLS = NO;
				SUPPORTED_PLATFORMS = "iphoneos iphonesimulator";
				SWIFT_APPROACHABLE_CONCURRENCY = YES;
				SWIFT_EMIT_LOC_STRINGS = NO;
				SWIFT_UPCOMING_FEATURE_MEMBER_IMPORT_VISIBILITY = YES;
				SWIFT_VERSION = 5.0;
				TARGETED_DEVICE_FAMILY = 1;
				TEST_TARGET_NAME = privamesh;
				XROS_DEPLOYMENT_TARGET = 26.5;
			};
			name = Debug;
		};
		E04B9AAA2FED6D7C007A30DA /* Release */ = {
			isa = XCBuildConfiguration;
			buildSettings = {
				CODE_SIGN_STYLE = Automatic;
				CURRENT_PROJECT_VERSION = 1;
				GENERATE_INFOPLIST_FILE = YES;
				IPHONEOS_DEPLOYMENT_TARGET = 26.5;
				MACOSX_DEPLOYMENT_TARGET = 26.4;
				MARKETING_VERSION = 1.0;
				PRODUCT_BUNDLE_IDENTIFIER = com.privameshUITests;
				PRODUCT_NAME = "$(TARGET_NAME)";
				SDKROOT = auto;
				STRING_CATALOG_GENERATE_SYMBOLS = NO;
				SUPPORTED_PLATFORMS = "iphoneos iphonesimulator";
				SWIFT_APPROACHABLE_CONCURRENCY = YES;
				SWIFT_EMIT_LOC_STRINGS = NO;
				SWIFT_UPCOMING_FEATURE_MEMBER_IMPORT_VISIBILITY = YES;
				SWIFT_VERSION = 5.0;
				TARGETED_DEVICE_FAMILY = 1;
				TEST_TARGET_NAME = privamesh;
				XROS_DEPLOYMENT_TARGET = 26.5;
			};
			name = Release;
		};
/* End XCBuildConfiguration section */

/* Begin XCConfigurationList section */
		E04B9A7A2FED6D7A007A30DA /* Build configuration list for PBXProject "privamesh" */ = {
			isa = XCConfigurationList;
			buildConfigurations = (
				E04B9AA02FED6D7C007A30DA /* Debug */,
				E04B9AA12FED6D7C007A30DA /* Release */,
			);
			defaultConfigurationIsVisible = 0;
			defaultConfigurationName = Release;
		};
		E04B9AA22FED6D7C007A30DA /* Build configuration list for PBXNativeTarget "privamesh" */ = {
			isa = XCConfigurationList;
			buildConfigurations = (
				E04B9AA32FED6D7C007A30DA /* Debug */,
				E04B9AA42FED6D7C007A30DA /* Release */,
			);
			defaultConfigurationIsVisible = 0;
			defaultConfigurationName = Release;
		};
		E04B9AA52FED6D7C007A30DA /* Build configuration list for PBXNativeTarget "privameshTests" */ = {
			isa = XCConfigurationList;
			buildConfigurations = (
				E04B9AA62FED6D7C007A30DA /* Debug */,
				E04B9AA72FED6D7C007A30DA /* Release */,
			);
			defaultConfigurationIsVisible = 0;
			defaultConfigurationName = Release;
		};
		E04B9AA82FED6D7C007A30DA /* Build configuration list for PBXNativeTarget "privameshUITests" */ = {
			isa = XCConfigurationList;
			buildConfigurations = (
				E04B9AA92FED6D7C007A30DA /* Debug */,
				E04B9AAA2FED6D7C007A30DA /* Release */,
			);
			defaultConfigurationIsVisible = 0;
			defaultConfigurationName = Release;
		};
/* End XCConfigurationList section */

/* Begin XCRemoteSwiftPackageReference section */
		E04B9AC02FED7CF4007A30DA /* XCRemoteSwiftPackageReference "solana-swift" */ = {
			isa = XCRemoteSwiftPackageReference;
			repositoryURL = "https://github.com/p2p-org/solana-swift";
			requirement = {
				kind = upToNextMajorVersion;
				minimumVersion = 5.0.0;
			};
		};
/* End XCRemoteSwiftPackageReference section */

/* Begin XCSwiftPackageProductDependency section */
		E04B9ACA2FED837E007A30DA /* SolanaSwift */ = {
			isa = XCSwiftPackageProductDependency;
			package = E04B9AC02FED7CF4007A30DA /* XCRemoteSwiftPackageReference "solana-swift" */;
			productName = SolanaSwift;
		};
/* End XCSwiftPackageProductDependency section */
	};
	rootObject = E04B9A772FED6D7A007A30DA /* Project object */;
}
